// !$*UTF8*$!
{
	archiveVersion = 1;
	classes = {
	};
	objectVersion = 55;
	objects = {

/* Begin PBXBuildFile section */
		4FDAA402279E8B91008A11C8 /* FrommApp.swift in Sources */ = {isa = PBXBuildFile; fileRef = 4FDAA401279E8B91008A11C8 /* FrommApp.swift */; };
		4FDAA404279E8B91008A11C8 /* ContentView.swift in Sources */ = {isa = PBXBuildFile; fileRef = 4FDAA403279E8B91008A11C8 /* ContentView.swift */; };
		4FDAA406279E8B93008A11C8 /* Assets.xcassets in Resources */ = {isa = PBXBuildFile; fileRef = 4FDAA405279E8B93008A11C8 /* Assets.xcassets */; };
		4FDAA409279E8B93008A11C8 /* Preview Assets.xcassets in Resources */ = {isa = PBXBuildFile; fileRef = 4FDAA408279E8B93008A11C8 /* Preview Assets.xcassets */; };
		4FDAA40B279E8B93008A11C8 /* Persistence.swift in Sources */ = {isa = PBXBuildFile; fileRef = 4FDAA40A279E8B93008A11C8 /* Persistence.swift */; };
		4FDAA40E279E8B93008A11C8 /* Fromm.xcdatamodeld in Sources */ = {isa = PBXBuildFile; fileRef = 4FDAA40C279E8B93008A11C8 /* Fromm.xcdatamodeld */; };
		4FDAA41A279E8EDA008A11C8 /* LibraryView.swift in Sources */ = {isa = PBXBuildFile; fileRef = 4FDAA419279E8EDA008A11C8 /* LibraryView.swift */; };
		4FDAA41C27A12068008A11C8 /* SignInView.swift in Sources */ = {isa = PBXBuildFile; fileRef = 4FDAA41B27A12067008A11C8 /* SignInView.swift */; };
		4FDAA41E27A121D3008A11C8 /* PrivateMission.swift in Sources */ = {isa = PBXBuildFile; fileRef = 4FDAA41D27A121D3008A11C8 /* PrivateMission.swift */; };
		4FDAA42127A123D2008A11C8 /* PrivateMissionCreatingView.swift in Sources */ = {isa = PBXBuildFile; fileRef = 4FDAA42027A123D2008A11C8 /* PrivateMissionCreatingView.swift */; };
/* End PBXBuildFile section */

/* Begin PBXFileReference section */
		4FDAA3FE279E8B91008A11C8 /* Fromm.app */ = {isa = PBXFileReference; explicitFileType = wrapper.application; includeInIndex = 0; path = Fromm.app; sourceTree = BUILT_PRODUCTS_DIR; };
		4FDAA401279E8B91008A11C8 /* FrommApp.swift */ = {isa = PBXFileReference; lastKnownFileType = sourcecode.swift; path = FrommApp.swift; sourceTree = "<group>"; };
		4FDAA403279E8B91008A11C8 /* ContentView.swift */ = {isa = PBXFileReference; lastKnownFileType = sourcecode.swift; path = ContentView.swift; sourceTree = "<group>"; };
		4FDAA405279E8B93008A11C8 /* Assets.xcassets */ = {isa = PBXFileReference; lastKnownFileType = folder.assetcatalog; path = Assets.xcassets; sourceTree = "<group>"; };
		4FDAA408279E8B93008A11C8 /* Preview Assets.xcassets */ = {isa = PBXFileReference; lastKnownFileType = folder.assetcatalog; path = "Preview Assets.xcassets"; sourceTree = "<group>"; };
		4FDAA40A279E8B93008A11C8 /* Persistence.swift */ = {isa = PBXFileReference; lastKnownFileType = sourcecode.swift; path = Persistence.swift; sourceTree = "<group>"; };
		4FDAA40D279E8B93008A11C8 /* Fromm.xcdatamodel */ = {isa = PBXFileReference; lastKnownFileType = wrapper.xcdatamodel; path = Fromm.xcdatamodel; sourceTree = "<group>"; };
		4FDAA419279E8EDA008A11C8 /* LibraryView.swift */ = {isa = PBXFileReference; lastKnownFileType = sourcecode.swift; path = LibraryView.swift; sourceTree = "<group>"; };
		4FDAA41B27A12067008A11C8 /* SignInView.swift */ = {isa = PBXFileReference; lastKnownFileType = sourcecode.swift; path = SignInView.swift; sourceTree = "<group>"; };
		4FDAA41D27A121D3008A11C8 /* PrivateMission.swift */ = {isa = PBXFileReference; lastKnownFileType = sourcecode.swift; path = PrivateMission.swift; sourceTree = "<group>"; };
		4FDAA42027A123D2008A11C8 /* PrivateMissionCreatingView.swift */ = {isa = PBXFileReference; lastKnownFileType = sourcecode.swift; path = PrivateMissionCreatingView.swift; sourceTree = "<group>"; };
/* End PBXFileReference section */

/* Begin PBXFrameworksBuildPhase section */
		4FDAA3FB279E8B91008A11C8 /* Frameworks */ = {
			isa = PBXFrameworksBuildPhase;
			buildActionMask = 2147483647;
			files = (
			);
			runOnlyForDeploymentPostprocessing = 0;
		};
/* End PBXFrameworksBuildPhase section */

/* Begin PBXGroup section */
		4FDAA3F5279E8B91008A11C8 = {
			isa = PBXGroup;
			children = (
				4FDAA400279E8B91008A11C8 /* Fromm */,
				4FDAA3FF279E8B91008A11C8 /* Products */,
			);
			sourceTree = "<group>";
		};
		4FDAA3FF279E8B91008A11C8 /* Products */ = {
			isa = PBXGroup;
			children = (
				4FDAA3FE279E8B91008A11C8 /* Fromm.app */,
			);
			name = Products;
			sourceTree = "<group>";
		};
		4FDAA400279E8B91008A11C8 /* Fromm */ = {
			isa = PBXGroup;
			children = (
				4FDAA401279E8B91008A11C8 /* FrommApp.swift */,
				4FDAA418279E8EBA008A11C8 /* Model */,
				4FDAA417279E8EB3008A11C8 /* ViewModel */,
				4FDAA416279E8EAD008A11C8 /* View */,
				4FDAA405279E8B93008A11C8 /* Assets.xcassets */,
				4FDAA40A279E8B93008A11C8 /* Persistence.swift */,
				4FDAA40C279E8B93008A11C8 /* Fromm.xcdatamodeld */,
				4FDAA407279E8B93008A11C8 /* Preview Content */,
			);
			path = Fromm;
			sourceTree = "<group>";
		};
		4FDAA407279E8B93008A11C8 /* Preview Content */ = {
			isa = PBXGroup;
			children = (
				4FDAA408279E8B93008A11C8 /* Preview Assets.xcassets */,
			);
			path = "Preview Content";
			sourceTree = "<group>";
		};
		4FDAA416279E8EAD008A11C8 /* View */ = {
			isa = PBXGroup;
			children = (
				4FDAA403279E8B91008A11C8 /* ContentView.swift */,
				4FDAA419279E8EDA008A11C8 /* LibraryView.swift */,
				4FDAA41B27A12067008A11C8 /* SignInView.swift */,
				4FDAA42027A123D2008A11C8 /* PrivateMissionCreatingView.swift */,
			);
			path = View;
			sourceTree = "<group>";
		};
		4FDAA417279E8EB3008A11C8 /* ViewModel */ = {
			isa = PBXGroup;
			children = (
			);
			path = ViewModel;
			sourceTree = "<group>";
		};
		4FDAA418279E8EBA008A11C8 /* Model */ = {
			isa = PBXGroup;
			children = (
				4FDAA41D27A121D3008A11C8 /* PrivateMission.swift */,
			);
			path = Model;
			sourceTree = "<group>";
		};
/* End PBXGroup section */

/* Begin PBXNativeTarget section */
		4FDAA3FD279E8B91008A11C8 /* Fromm */ = {
			isa = PBXNativeTarget;
			buildConfigurationList = 4FDAA411279E8B93008A11C8 /* Build configuration list for PBXNativeTarget "Fromm" */;
			buildPhases = (
				4FDAA3FA279E8B91008A11C8 /* Sources */,
				4FDAA3FB279E8B91008A11C8 /* Frameworks */,
				4FDAA3FC279E8B91008A11C8 /* Resources */,
			);
			buildRules = (
			);
			dependencies = (
			);
			name = Fromm;
			productName = Fromm;
			productReference = 4FDAA3FE279E8B91008A11C8 /* Fromm.app */;
			productType = "com.apple.product-type.application";
		};
/* End PBXNativeTarget section */

/* Begin PBXProject section */
		4FDAA3F6279E8B91008A11C8 /* Project object */ = {
			isa = PBXProject;
			attributes = {
				BuildIndependentTargetsInParallel = 1;
				LastSwiftUpdateCheck = 1320;
				LastUpgradeCheck = 1320;
				TargetAttributes = {
					4FDAA3FD279E8B91008A11C8 = {
						CreatedOnToolsVersion = 13.2.1;
					};
				};
			};
			buildConfigurationList = 4FDAA3F9279E8B91008A11C8 /* Build configuration list for PBXProject "Fromm" */;
			compatibilityVersion = "Xcode 13.0";
			developmentRegion = en;
			hasScannedForEncodings = 0;
			knownRegions = (
				en,
				Base,
			);
			mainGroup = 4FDAA3F5279E8B91008A11C8;
			productRefGroup = 4FDAA3FF279E8B91008A11C8 /* Products */;
			projectDirPath = "";
			projectRoot = "";
			targets = (
				4FDAA3FD279E8B91008A11C8 /* Fromm */,
			);
		};
/* End PBXProject section */

/* Begin PBXResourcesBuildPhase section */
		4FDAA3FC279E8B91008A11C8 /* Resources */ = {
			isa = PBXResourcesBuildPhase;
			buildActionMask = 2147483647;
			files = (
				4FDAA409279E8B93008A11C8 /* Preview Assets.xcassets in Resources */,
				4FDAA406279E8B93008A11C8 /* Assets.xcassets in Resources */,
			);
			runOnlyForDeploymentPostprocessing = 0;
		};
/* End PBXResourcesBuildPhase section */

/* Begin PBXSourcesBuildPhase section */
		4FDAA3FA279E8B91008A11C8 /* Sources */ = {
			isa = PBXSourcesBuildPhase;
			buildActionMask = 2147483647;
			files = (
				4FDAA42127A123D2008A11C8 /* PrivateMissionCreatingView.swift in Sources */,
				4FDAA41C27A12068008A11C8 /* SignInView.swift in Sources */,
				4FDAA40B279E8B93008A11C8 /* Persistence.swift in Sources */,
				4FDAA404279E8B91008A11C8 /* ContentView.swift in Sources */,
				4FDAA402279E8B91008A11C8 /* FrommApp.swift in Sources */,
				4FDAA41A279E8EDA008A11C8 /* LibraryView.swift in Sources */,
				4FDAA40E279E8B93008A11C8 /* Fromm.xcdatamodeld in Sources */,
				4FDAA41E27A121D3008A11C8 /* PrivateMission.swift in Sources */,
			);
			runOnlyForDeploymentPostprocessing = 0;
		};
/* End PBXSourcesBuildPhase section */

/* Begin XCBuildConfiguration section */
		4FDAA40F279E8B93008A11C8 /* Debug */ = {
			isa = XCBuildConfiguration;
			buildSettings = {
				ALWAYS_SEARCH_USER_PATHS = NO;
				CLANG_ANALYZER_NONNULL = YES;
				CLANG_ANALYZER_NUMBER_OBJECT_CONVERSION = YES_AGGRESSIVE;
				CLANG_CXX_LANGUAGE_STANDARD = "gnu++17";
				CLANG_CXX_LIBRARY = "libc++";
				CLANG_ENABLE_MODULES = YES;
				CLANG_ENABLE_OBJC_ARC = YES;
				CLANG_ENABLE_OBJC_WEAK = YES;
				CLANG_WARN_BLOCK_CAPTURE_AUTORELEASING = YES;
				CLANG_WARN_BOOL_CONVERSION = YES;
				CLANG_WARN_COMMA = YES;
				CLANG_WARN_CONSTANT_CONVERSION = YES;
				CLANG_WARN_DEPRECATED_OBJC_IMPLEMENTATIONS = YES;
				CLANG_WARN_DIRECT_OBJC_ISA_USAGE = YES_ERROR;
				CLANG_WARN_DOCUMENTATION_COMMENTS = YES;
				CLANG_WARN_EMPTY_BODY = YES;
				CLANG_WARN_ENUM_CONVERSION = YES;
				CLANG_WARN_INFINITE_RECURSION = YES;
				CLANG_WARN_INT_CONVERSION = YES;
				CLANG_WARN_NON_LITERAL_NULL_CONVERSION = YES;
				CLANG_WARN_OBJC_IMPLICIT_RETAIN_SELF = YES;
				CLANG_WARN_OBJC_LITERAL_CONVERSION = YES;
				CLANG_WARN_OBJC_ROOT_CLASS = YES_ERROR;
				CLANG_WARN_QUOTED_INCLUDE_IN_FRAMEWORK_HEADER = YES;
				CLANG_WARN_RANGE_LOOP_ANALYSIS = YES;
				CLANG_WARN_STRICT_PROTOTYPES = YES;
				CLANG_WARN_SUSPICIOUS_MOVE = YES;
				CLANG_WARN_UNGUARDED_AVAILABILITY = YES_AGGRESSIVE;
				CLANG_WARN_UNREACHABLE_CODE = YES;
				CLANG_WARN__DUPLICATE_METHOD_MATCH = YES;
				COPY_PHASE_STRIP = NO;
				DEBUG_INFORMATION_FORMAT = dwarf;
				ENABLE_STRICT_OBJC_MSGSEND = YES;
				ENABLE_TESTABILITY = YES;
				GCC_C_LANGUAGE_STANDARD = gnu11;
				GCC_DYNAMIC_NO_PIC = NO;
				GCC_NO_COMMON_BLOCKS = YES;
				GCC_OPTIMIZATION_LEVEL = 0;
				GCC_PREPROCESSOR_DEFINITIONS = (
					"DEBUG=1",
					"$(inherited)",
				);
				GCC_WARN_64_TO_32_BIT_CONVERSION = YES;
				GCC_WARN_ABOUT_RETURN_TYPE = YES_ERROR;
				GCC_WARN_UNDECLARED_SELECTOR = YES;
				GCC_WARN_UNINITIALIZED_AUTOS = YES_AGGRESSIVE;
				GCC_WARN_UNUSED_FUNCTION = YES;
				GCC_WARN_UNUSED_VARIABLE = YES;
				IPHONEOS_DEPLOYMENT_TARGET = 15.2;
				MTL_ENABLE_DEBUG_INFO = INCLUDE_SOURCE;
				MTL_FAST_MATH = YES;
				ONLY_ACTIVE_ARCH = YES;
				SDKROOT = iphoneos;
				SWIFT_ACTIVE_COMPILATION_CONDITIONS = DEBUG;
				SWIFT_OPTIMIZATION_LEVEL = "-Onone";
			};
			name = Debug;
		};
		4FDAA410279E8B93008A11C8 /* Release */ = {
			isa = XCBuildConfiguration;
			buildSettings = {
				ALWAYS_SEARCH_USER_PATHS = NO;
				CLANG_ANALYZER_NONNULL = YES;
				CLANG_ANALYZER_NUMBER_OBJECT_CONVERSION = YES_AGGRESSIVE;
				CLANG_CXX_LANGUAGE_STANDARD = "gnu++17";
				CLANG_CXX_LIBRARY = "libc++";
				CLANG_ENABLE_MODULES = YES;
				CLANG_ENABLE_OBJC_ARC = YES;
				CLANG_ENABLE_OBJC_WEAK = YES;
				CLANG_WARN_BLOCK_CAPTURE_AUTORELEASING = YES;
				CLANG_WARN_BOOL_CONVERSION = YES;
				CLANG_WARN_COMMA = YES;
				CLANG_WARN_CONSTANT_CONVERSION = YES;
				CLANG_WARN_DEPRECATED_OBJC_IMPLEMENTATIONS = YES;
				CLANG_WARN_DIRECT_OBJC_ISA_USAGE = YES_ERROR;
				CLANG_WARN_DOCUMENTATION_COMMENTS = YES;
				CLANG_WARN_EMPTY_BODY = YES;
				CLANG_WARN_ENUM_CONVERSION = YES;
				CLANG_WARN_INFINITE_RECURSION = YES;
				CLANG_WARN_INT_CONVERSION = YES;
				CLANG_WARN_NON_LITERAL_NULL_CONVERSION = YES;
				CLANG_WARN_OBJC_IMPLICIT_RETAIN_SELF = YES;
				CLANG_WARN_OBJC_LITERAL_CONVERSION = YES;
				CLANG_WARN_OBJC_ROOT_CLASS = YES_ERROR;
				CLANG_WARN_QUOTED_INCLUDE_IN_FRAMEWORK_HEADER = YES;
				CLANG_WARN_RANGE_LOOP_ANALYSIS = YES;
				CLANG_WARN_STRICT_PROTOTYPES = YES;
				CLANG_WARN_SUSPICIOUS_MOVE = YES;
				CLANG_WARN_UNGUARDED_AVAILABILITY = YES_AGGRESSIVE;
				CLANG_WARN_UNREACHABLE_CODE = YES;
				CLANG_WARN__DUPLICATE_METHOD_MATCH = YES;
				COPY_PHASE_STRIP = NO;
				DEBUG_INFORMATION_FORMAT = "dwarf-with-dsym";
				ENABLE_NS_ASSERTIONS = NO;
				ENABLE_STRICT_OBJC_MSGSEND = YES;
				GCC_C_LANGUAGE_STANDARD = gnu11;
				GCC_NO_COMMON_BLOCKS = YES;
				GCC_WARN_64_TO_32_BIT_CONVERSION = YES;
				GCC_WARN_ABOUT_RETURN_TYPE = YES_ERROR;
				GCC_WARN_UNDECLARED_SELECTOR = YES;
				GCC_WARN_UNINITIALIZED_AUTOS = YES_AGGRESSIVE;
				GCC_WARN_UNUSED_FUNCTION = YES;
				GCC_WARN_UNUSED_VARIABLE = YES;
				IPHONEOS_DEPLOYMENT_TARGET = 15.2;
				MTL_ENABLE_DEBUG_INFO = NO;
				MTL_FAST_MATH = YES;
				SDKROOT = iphoneos;
				SWIFT_COMPILATION_MODE = wholemodule;
				SWIFT_OPTIMIZATION_LEVEL = "-O";
				VALIDATE_PRODUCT = YES;
			};
			name = Release;
		};
		4FDAA412279E8B93008A11C8 /* Debug */ = {
			isa = XCBuildConfiguration;
			buildSettings = {
				ASSETCATALOG_COMPILER_APPICON_NAME = AppIcon;
				ASSETCATALOG_COMPILER_GLOBAL_ACCENT_COLOR_NAME = AccentColor;
				CODE_SIGN_STYLE = Automatic;
				CURRENT_PROJECT_VERSION = 1;
				DEVELOPMENT_ASSET_PATHS = "\"Fromm/Preview Content\"";
				DEVELOPMENT_TEAM = 8QSTXVD8H9;
				ENABLE_PREVIEWS = YES;
				GENERATE_INFOPLIST_FILE = YES;
				INFOPLIST_KEY_UIApplicationSceneManifest_Generation = YES;
				INFOPLIST_KEY_UIApplicationSupportsIndirectInputEvents = YES;
				INFOPLIST_KEY_UILaunchScreen_Generation = YES;
				INFOPLIST_KEY_UISupportedInterfaceOrientations_iPad = "UIInterfaceOrientationPortrait UIInterfaceOrientationPortraitUpsideDown UIInterfaceOrientationLandscapeLeft UIInterfaceOrientationLandscapeRight";
				INFOPLIST_KEY_UISupportedInterfaceOrientations_iPhone = "UIInterfaceOrientationPortrait UIInterfaceOrientationLandscapeLeft UIInterfaceOrientationLandscapeRight";
				LD_RUNPATH_SEARCH_PATHS = (
					"$(inherited)",
					"@executable_path/Frameworks",
				);
				MARKETING_VERSION = 1.0;
				PRODUCT_BUNDLE_IDENTIFIER = com.NoahPark.Fromm;
				PRODUCT_NAME = "$(TARGET_NAME)";
				SWIFT_EMIT_LOC_STRINGS = YES;
				SWIFT_VERSION = 5.0;
				TARGETED_DEVICE_FAMILY = "1,2";
			};
			name = Debug;
		};
		4FDAA413279E8B93008A11C8 /* Release */ = {
			isa = XCBuildConfiguration;
			buildSettings = {
				ASSETCATALOG_COMPILER_APPICON_NAME = AppIcon;
				ASSETCATALOG_COMPILER_GLOBAL_ACCENT_COLOR_NAME = AccentColor;
				CODE_SIGN_STYLE = Automatic;
				CURRENT_PROJECT_VERSION = 1;
				DEVELOPMENT_ASSET_PATHS = "\"Fromm/Preview Content\"";
				DEVELOPMENT_TEAM = 8QSTXVD8H9;
				ENABLE_PREVIEWS = YES;
				GENERATE_INFOPLIST_FILE = YES;
				INFOPLIST_KEY_UIApplicationSceneManifest_Generation = YES;
				INFOPLIST_KEY_UIApplicationSupportsIndirectInputEvents = YES;
				INFOPLIST_KEY_UILaunchScreen_Generation = YES;
				INFOPLIST_KEY_UISupportedInterfaceOrientations_iPad = "UIInterfaceOrientationPortrait UIInterfaceOrientationPortraitUpsideDown UIInterfaceOrientationLandscapeLeft UIInterfaceOrientationLandscapeRight";
				INFOPLIST_KEY_UISupportedInterfaceOrientations_iPhone = "UIInterfaceOrientationPortrait UIInterfaceOrientationLandscapeLeft UIInterfaceOrientationLandscapeRight";
				LD_RUNPATH_SEARCH_PATHS = (
					"$(inherited)",
					"@executable_path/Frameworks",
				);
				MARKETING_VERSION = 1.0;
				PRODUCT_BUNDLE_IDENTIFIER = com.NoahPark.Fromm;
				PRODUCT_NAME = "$(TARGET_NAME)";
				SWIFT_EMIT_LOC_STRINGS = YES;
				SWIFT_VERSION = 5.0;
				TARGETED_DEVICE_FAMILY = "1,2";
			};
			name = Release;
		};
/* End XCBuildConfiguration section */

/* Begin XCConfigurationList section */
		4FDAA3F9279E8B91008A11C8 /* Build configuration list for PBXProject "Fromm" */ = {
			isa = XCConfigurationList;
			buildConfigurations = (
				4FDAA40F279E8B93008A11C8 /* Debug */,
				4FDAA410279E8B93008A11C8 /* Release */,
			);
			defaultConfigurationIsVisible = 0;
			defaultConfigurationName = Release;
		};
		4FDAA411279E8B93008A11C8 /* Build configuration list for PBXNativeTarget "Fromm" */ = {
			isa = XCConfigurationList;
			buildConfigurations = (
				4FDAA412279E8B93008A11C8 /* Debug */,
				4FDAA413279E8B93008A11C8 /* Release */,
			);
			defaultConfigurationIsVisible = 0;
			defaultConfigurationName = Release;
		};
/* End XCConfigurationList section */

/* Begin XCVersionGroup section */
		4FDAA40C279E8B93008A11C8 /* Fromm.xcdatamodeld */ = {
			isa = XCVersionGroup;
			children = (
				4FDAA40D279E8B93008A11C8 /* Fromm.xcdatamodel */,
			);
			currentVersion = 4FDAA40D279E8B93008A11C8 /* Fromm.xcdatamodel */;
			path = Fromm.xcdatamodeld;
			sourceTree = "<group>";
			versionGroupType = wrapper.xcdatamodel;
		};
/* End XCVersionGroup section */
	};
	rootObject = 4FDAA3F6279E8B91008A11C8 /* Project object */;
}
